
Microsoft Visual Studio Solution File, Format Version 12.00
# Visual Studio 15
Project("{FAE04EC0-301F-11D3-BF4B-00C04F79EFBC}") = "Assembly-CSharp", "Assembly-CSharp.csproj", "{B04469C5-8175-02EC-4DBA-504D4B1DAAD6}"
EndProject
Global
	GlobalSection(SolutionConfigurationPlatforms) = preSolution
		Debug|Any CPU = Debug|Any CPU
		Release|Any CPU = Release|Any CPU
	EndGlobalSection
	GlobalSection(ProjectConfigurationPlatforms) = postSolution
		{B04469C5-8175-02EC-4DBA-504D4B1DAAD6}.Debug|Any CPU.ActiveCfg = Debug|Any CPU
		{B04469C5-8175-02EC-4DBA-504D4B1DAAD6}.Debug|Any CPU.Build.0 = Debug|Any CPU
		{B04469C5-8175-02EC-4DBA-504D4B1DAAD6}.Release|Any CPU.ActiveCfg = Release|Any CPU
		{B04469C5-8175-02EC-4DBA-504D4B1DAAD6}.Release|Any CPU.Build.0 = Release|Any CPU
	EndGlobalSection
	GlobalSection(SolutionProperties) = preSolution
		HideSolutionNode = FALSE
	EndGlobalSection
EndGlobal
